
Microsoft Visual Studio Solution File, Format Version 12.00
# Visual Studio Version 16
VisualStudioVersion = 16.0.31321.278
MinimumVisualStudioVersion = 10.0.40219.1
Project("{9A19103F-16F7-4668-BE54-9A1E7A4F7556}") = "BusinessLogic", "BusinessLogic\BusinessLogic.csproj", "{A20B6B15-D9BA-46BB-BCF7-7B6264C070F5}"
EndProject
Project("{9A19103F-16F7-4668-BE54-9A1E7A4F7556}") = "WebApi", "WebApi\WebApi.csproj", "{7ED10BC3-FAF0-4387-8701-DE3A622A715B}"
EndProject
Project("{9A19103F-16F7-4668-BE54-9A1E7A4F7556}") = "DataAccess", "DataAccess\DataAccess.csproj", "{3CE88D39-D48D-42A0-B6A8-CE3EAAB29620}"
EndProject
Project("{9A19103F-16F7-4668-BE54-9A1E7A4F7556}") = "Core", "CoreLogic\Core.csproj", "{89E598AC-CC12-4568-8373-635E03B32E29}"
EndProject
Project("{9A19103F-16F7-4668-BE54-9A1E7A4F7556}") = "BusinessLogic.Tests", "BusinessLogic.Tests\BusinessLogic.Tests.csproj", "{01DBFBDB-3751-4AEA-9999-906C04183298}"
EndProject
Global
	GlobalSection(SolutionConfigurationPlatforms) = preSolution
		Debug|Any CPU = Debug|Any CPU
		Release|Any CPU = Release|Any CPU
	EndGlobalSection
	GlobalSection(ProjectConfigurationPlatforms) = postSolution
		{A20B6B15-D9BA-46BB-BCF7-7B6264C070F5}.Debug|Any CPU.ActiveCfg = Debug|Any CPU
		{A20B6B15-D9BA-46BB-BCF7-7B6264C070F5}.Debug|Any CPU.Build.0 = Debug|Any CPU
		{A20B6B15-D9BA-46BB-BCF7-7B6264C070F5}.Release|Any CPU.ActiveCfg = Release|Any CPU
		{A20B6B15-D9BA-46BB-BCF7-7B6264C070F5}.Release|Any CPU.Build.0 = Release|Any CPU
		{7ED10BC3-FAF0-4387-8701-DE3A622A715B}.Debug|Any CPU.ActiveCfg = Debug|Any CPU
		{7ED10BC3-FAF0-4387-8701-DE3A622A715B}.Debug|Any CPU.Build.0 = Debug|Any CPU
		{7ED10BC3-FAF0-4387-8701-DE3A622A715B}.Release|Any CPU.ActiveCfg = Release|Any CPU
		{7ED10BC3-FAF0-4387-8701-DE3A622A715B}.Release|Any CPU.Build.0 = Release|Any CPU
		{3CE88D39-D48D-42A0-B6A8-CE3EAAB29620}.Debug|Any CPU.ActiveCfg = Debug|Any CPU
		{3CE88D39-D48D-42A0-B6A8-CE3EAAB29620}.Debug|Any CPU.Build.0 = Debug|Any CPU
		{3CE88D39-D48D-42A0-B6A8-CE3EAAB29620}.Release|Any CPU.ActiveCfg = Release|Any CPU
		{3CE88D39-D48D-42A0-B6A8-CE3EAAB29620}.Release|Any CPU.Build.0 = Release|Any CPU
		{89E598AC-CC12-4568-8373-635E03B32E29}.Debug|Any CPU.ActiveCfg = Debug|Any CPU
		{89E598AC-CC12-4568-8373-635E03B32E29}.Debug|Any CPU.Build.0 = Debug|Any CPU
		{89E598AC-CC12-4568-8373-635E03B32E29}.Release|Any CPU.ActiveCfg = Release|Any CPU
		{89E598AC-CC12-4568-8373-635E03B32E29}.Release|Any CPU.Build.0 = Release|Any CPU
		{01DBFBDB-3751-4AEA-9999-906C04183298}.Debug|Any CPU.ActiveCfg = Debug|Any CPU
		{01DBFBDB-3751-4AEA-9999-906C04183298}.Debug|Any CPU.Build.0 = Debug|Any CPU
		{01DBFBDB-3751-4AEA-9999-906C04183298}.Release|Any CPU.ActiveCfg = Release|Any CPU
		{01DBFBDB-3751-4AEA-9999-906C04183298}.Release|Any CPU.Build.0 = Release|Any CPU
	EndGlobalSection
	GlobalSection(SolutionProperties) = preSolution
		HideSolutionNode = FALSE
	EndGlobalSection
	GlobalSection(ExtensibilityGlobals) = postSolution
		SolutionGuid = {7B4D3E90-A3A3-420A-82B9-17C802FEA440}
	EndGlobalSection
EndGlobal
